{
  "name": "gloomshavin",
  "version": "1.0.0",
  "lockfileVersion": 1,
  "requires": true,
  "dependencies": {
    "es6-promise": {
      "version": "4.2.8",
      "resolved": "https://registry.npmjs.org/es6-promise/-/es6-promise-4.2.8.tgz",
      "integrity": "sha512-HJDGx5daxeIvxdBxvG2cb9g4tEvwIk3i8+nhX0yGrYmZUzbkdg8QbDevheDB8gd0//uPj4c1EQua8Q+MViT0/w=="
    },
    "pdf-image": {
      "version": "2.0.0",
      "resolved": "https://registry.npmjs.org/pdf-image/-/pdf-image-2.0.0.tgz",
      "integrity": "sha512-RyB8f/Khw8wZt2xXGWtQu/5ZyKl4pzNSi9/dnYNJOuGnxRiZvmUVmz6xmG6Xts53k8ZZaOBjDwoT4jjAVzIoPQ==",
      "requires": {
        "es6-promise": "~4.2.4"
      }
    },
    "pdf2json": {
      "version": "1.2.0",
      "resolved": "https://registry.npmjs.org/pdf2json/-/pdf2json-1.2.0.tgz",
      "integrity": "sha512-Z/m+OFOe13Nn2SHQNSINZ6Mh2b8t2bK3whL3L6b5Av1wqDvotYvpMg1Zi8aEPV37jF0jG0yQ83c8XuuNbIsn6Q==",
      "requires": {
        "async": "^3.2.0",
        "lodash": "^4.17.13",
        "optimist": "^0.6.1",
        "xmldom": "^0.3.0"
      },
      "dependencies": {
        "async": {
          "version": "3.2.0",
          "bundled": true
        },
        "lodash": {
          "version": "4.17.15",
          "bundled": true
        },
        "minimist": {
          "version": "0.0.10",
          "bundled": true
        },
        "optimist": {
          "version": "0.6.1",
          "bundled": true,
          "requires": {
            "minimist": "~0.0.1",
            "wordwrap": "~0.0.2"
          }
        },
        "wordwrap": {
          "version": "0.0.3",
          "bundled": true
        },
        "xmldom": {
          "version": "0.3.0",
          "bundled": true
        }
      }
    },
    "pdfreader": {
      "version": "1.0.7",
      "resolved": "https://registry.npmjs.org/pdfreader/-/pdfreader-1.0.7.tgz",
      "integrity": "sha512-3hX/PpA/MQV2uvSiR2CH7isuyZXqYPoA6IXOxHd7hw9qS6Lz9RKYKu+iU369+OgkJKe/SHpxwEbgoHBV4L/76w==",
      "requires": {
        "pdf2json": "^1.1.8"
      }
    },
    "pixelmatch": {
      "version": "5.2.0",
      "resolved": "https://registry.npmjs.org/pixelmatch/-/pixelmatch-5.2.0.tgz",
      "integrity": "sha512-TdleROuanI+Uo/4PcOAH7b7qgO4kjzJO8K4y/TBAo1wx/5BE8cn1B0I6Jfk3mKcJsGpWvX7zjM8OjU5o9i+aog==",
      "requires": {
        "pngjs": "^4.0.1"
      },
      "dependencies": {
        "pngjs": {
          "version": "4.0.1",
          "resolved": "https://registry.npmjs.org/pngjs/-/pngjs-4.0.1.tgz",
          "integrity": "sha512-rf5+2/ioHeQxR6IxuYNYGFytUyG3lma/WW1nsmjeHlWwtb2aByla6dkVc8pmJ9nplzkTA0q2xx7mMWrOTqT4Gg=="
        }
      }
    },
    "png-crop": {
      "version": "0.0.2",
      "resolved": "https://registry.npmjs.org/png-crop/-/png-crop-0.0.2.tgz",
      "integrity": "sha512-AEkJ7L51uh0Fw8SkOAwfsPrfTasVQw6gg/8LAPJK0Iu9gj9tchIyndpd8NG68rE0Ywd1U0PIeEVb9VCLviAfxQ==",
      "requires": {
        "pngjs": "^3.0.0",
        "streamifier": "^0.1.1"
      }
    },
    "pngjs": {
      "version": "3.4.0",
      "resolved": "https://registry.npmjs.org/pngjs/-/pngjs-3.4.0.tgz",
      "integrity": "sha512-NCrCHhWmnQklfH4MtJMRjZ2a8c80qXeMlQMv2uVp9ISJMTt562SbGd6n2oq0PaPgKm7Z6pL9E2UlLIhC+SHL3w=="
    },
    "streamifier": {
      "version": "0.1.1",
      "resolved": "https://registry.npmjs.org/streamifier/-/streamifier-0.1.1.tgz",
      "integrity": "sha1-l+mNj6TRBdYqJpHR3AfoINuN/E8="
    }
  }
}
